
Microsoft Visual Studio Solution File, Format Version 12.00
Project("{2150E333-8FDC-42A3-9474-1A3956D46DE8}") = "src", "src", "{D58995BE-BCF9-41C7-B9A4-DC0030F01600}"
EndProject
Project("{2150E333-8FDC-42A3-9474-1A3956D46DE8}") = "test", "test", "{80D3B823-6502-4399-9418-9840745526FD}"
EndProject
Project("{2150E333-8FDC-42A3-9474-1A3956D46DE8}") = "Data", "Data", "{E7B41B39-296C-4797-848F-2F577A13257B}"
EndProject
Project("{2150E333-8FDC-42A3-9474-1A3956D46DE8}") = "Api", "Api", "{A1B8BA73-E875-48E7-A9F2-02B2BDA7C6BC}"
EndProject
Project("{2150E333-8FDC-42A3-9474-1A3956D46DE8}") = "Core", "Core", "{950922CA-1BA0-42E8-A46A-42B0B9B09210}"
EndProject
Project("{FAE04EC0-301F-11D3-BF4B-00C04F79EFBC}") = "MessagingService.Entity", "src\Data\MessagingService.Entity\MessagingService.Entity.csproj", "{0C7E4359-CDC5-455E-AE9B-11264BE43EFC}"
EndProject
Project("{FAE04EC0-301F-11D3-BF4B-00C04F79EFBC}") = "MessagingService.Data", "src\Data\MessagingService.Data\MessagingService.Data.csproj", "{E44582E1-8468-49A6-A509-14DD92041345}"
EndProject
Project("{FAE04EC0-301F-11D3-BF4B-00C04F79EFBC}") = "MessagingService.Dto", "src\Core\MessagingService.Dto\MessagingService.Dto.csproj", "{A7E33E64-0E57-4D88-BD2D-A53FC3E0C2A2}"
EndProject
Project("{FAE04EC0-301F-11D3-BF4B-00C04F79EFBC}") = "MessagingService.Service", "src\Core\MessagingService.Service\MessagingService.Service.csproj", "{6CC69803-813A-4791-8A54-1883485DF2A9}"
EndProject
Project("{FAE04EC0-301F-11D3-BF4B-00C04F79EFBC}") = "MessagingService.Repository", "src\Data\MessagingService.Repository\MessagingService.Repository.csproj", "{8FDBCEA6-088F-4109-AAF1-160AABED3AE6}"
EndProject
Project("{FAE04EC0-301F-11D3-BF4B-00C04F79EFBC}") = "MessagingService.Api", "src\Api\MessagingService.Api\MessagingService.Api.csproj", "{1521FD38-DEED-43AC-8A40-1F7692440D0C}"
EndProject
Project("{2150E333-8FDC-42A3-9474-1A3956D46DE8}") = "Api", "Api", "{EA67648E-A343-485C-8279-FBAD045AD2E9}"
EndProject
Project("{FAE04EC0-301F-11D3-BF4B-00C04F79EFBC}") = "MessagingService.Api.Tests", "test\Api\MessagingService.Api.Tests\MessagingService.Api.Tests.csproj", "{85AE1E2A-55E6-4599-B367-DE4FEA2DB292}"
EndProject
Project("{2150E333-8FDC-42A3-9474-1A3956D46DE8}") = "Core", "Core", "{BAE590C5-4F3B-4C6E-8115-C67D24174B50}"
EndProject
Project("{FAE04EC0-301F-11D3-BF4B-00C04F79EFBC}") = "MessagingService.Service.Tests", "test\Core\MessagingService.Service.Tests\MessagingService.Service.Tests.csproj", "{2A176AFC-13EA-44F4-9222-D07642281E4B}"
EndProject
Global
	GlobalSection(SolutionConfigurationPlatforms) = preSolution
		Debug|Any CPU = Debug|Any CPU
		Release|Any CPU = Release|Any CPU
	EndGlobalSection
	GlobalSection(NestedProjects) = preSolution
		{E7B41B39-296C-4797-848F-2F577A13257B} = {D58995BE-BCF9-41C7-B9A4-DC0030F01600}
		{A1B8BA73-E875-48E7-A9F2-02B2BDA7C6BC} = {D58995BE-BCF9-41C7-B9A4-DC0030F01600}
		{950922CA-1BA0-42E8-A46A-42B0B9B09210} = {D58995BE-BCF9-41C7-B9A4-DC0030F01600}
		{0C7E4359-CDC5-455E-AE9B-11264BE43EFC} = {E7B41B39-296C-4797-848F-2F577A13257B}
		{E44582E1-8468-49A6-A509-14DD92041345} = {E7B41B39-296C-4797-848F-2F577A13257B}
		{A7E33E64-0E57-4D88-BD2D-A53FC3E0C2A2} = {950922CA-1BA0-42E8-A46A-42B0B9B09210}
		{6CC69803-813A-4791-8A54-1883485DF2A9} = {950922CA-1BA0-42E8-A46A-42B0B9B09210}
		{8FDBCEA6-088F-4109-AAF1-160AABED3AE6} = {E7B41B39-296C-4797-848F-2F577A13257B}
		{1521FD38-DEED-43AC-8A40-1F7692440D0C} = {A1B8BA73-E875-48E7-A9F2-02B2BDA7C6BC}
		{EA67648E-A343-485C-8279-FBAD045AD2E9} = {80D3B823-6502-4399-9418-9840745526FD}
		{85AE1E2A-55E6-4599-B367-DE4FEA2DB292} = {EA67648E-A343-485C-8279-FBAD045AD2E9}
		{BAE590C5-4F3B-4C6E-8115-C67D24174B50} = {80D3B823-6502-4399-9418-9840745526FD}
		{2A176AFC-13EA-44F4-9222-D07642281E4B} = {BAE590C5-4F3B-4C6E-8115-C67D24174B50}
	EndGlobalSection
	GlobalSection(ProjectConfigurationPlatforms) = postSolution
		{0C7E4359-CDC5-455E-AE9B-11264BE43EFC}.Debug|Any CPU.ActiveCfg = Debug|Any CPU
		{0C7E4359-CDC5-455E-AE9B-11264BE43EFC}.Debug|Any CPU.Build.0 = Debug|Any CPU
		{0C7E4359-CDC5-455E-AE9B-11264BE43EFC}.Release|Any CPU.ActiveCfg = Release|Any CPU
		{0C7E4359-CDC5-455E-AE9B-11264BE43EFC}.Release|Any CPU.Build.0 = Release|Any CPU
		{E44582E1-8468-49A6-A509-14DD92041345}.Debug|Any CPU.ActiveCfg = Debug|Any CPU
		{E44582E1-8468-49A6-A509-14DD92041345}.Debug|Any CPU.Build.0 = Debug|Any CPU
		{E44582E1-8468-49A6-A509-14DD92041345}.Release|Any CPU.ActiveCfg = Release|Any CPU
		{E44582E1-8468-49A6-A509-14DD92041345}.Release|Any CPU.Build.0 = Release|Any CPU
		{A7E33E64-0E57-4D88-BD2D-A53FC3E0C2A2}.Debug|Any CPU.ActiveCfg = Debug|Any CPU
		{A7E33E64-0E57-4D88-BD2D-A53FC3E0C2A2}.Debug|Any CPU.Build.0 = Debug|Any CPU
		{A7E33E64-0E57-4D88-BD2D-A53FC3E0C2A2}.Release|Any CPU.ActiveCfg = Release|Any CPU
		{A7E33E64-0E57-4D88-BD2D-A53FC3E0C2A2}.Release|Any CPU.Build.0 = Release|Any CPU
		{6CC69803-813A-4791-8A54-1883485DF2A9}.Debug|Any CPU.ActiveCfg = Debug|Any CPU
		{6CC69803-813A-4791-8A54-1883485DF2A9}.Debug|Any CPU.Build.0 = Debug|Any CPU
		{6CC69803-813A-4791-8A54-1883485DF2A9}.Release|Any CPU.ActiveCfg = Release|Any CPU
		{6CC69803-813A-4791-8A54-1883485DF2A9}.Release|Any CPU.Build.0 = Release|Any CPU
		{8FDBCEA6-088F-4109-AAF1-160AABED3AE6}.Debug|Any CPU.ActiveCfg = Debug|Any CPU
		{8FDBCEA6-088F-4109-AAF1-160AABED3AE6}.Debug|Any CPU.Build.0 = Debug|Any CPU
		{8FDBCEA6-088F-4109-AAF1-160AABED3AE6}.Release|Any CPU.ActiveCfg = Release|Any CPU
		{8FDBCEA6-088F-4109-AAF1-160AABED3AE6}.Release|Any CPU.Build.0 = Release|Any CPU
		{1521FD38-DEED-43AC-8A40-1F7692440D0C}.Debug|Any CPU.ActiveCfg = Debug|Any CPU
		{1521FD38-DEED-43AC-8A40-1F7692440D0C}.Debug|Any CPU.Build.0 = Debug|Any CPU
		{1521FD38-DEED-43AC-8A40-1F7692440D0C}.Release|Any CPU.ActiveCfg = Release|Any CPU
		{1521FD38-DEED-43AC-8A40-1F7692440D0C}.Release|Any CPU.Build.0 = Release|Any CPU
		{85AE1E2A-55E6-4599-B367-DE4FEA2DB292}.Debug|Any CPU.ActiveCfg = Debug|Any CPU
		{85AE1E2A-55E6-4599-B367-DE4FEA2DB292}.Debug|Any CPU.Build.0 = Debug|Any CPU
		{85AE1E2A-55E6-4599-B367-DE4FEA2DB292}.Release|Any CPU.ActiveCfg = Release|Any CPU
		{85AE1E2A-55E6-4599-B367-DE4FEA2DB292}.Release|Any CPU.Build.0 = Release|Any CPU
		{2A176AFC-13EA-44F4-9222-D07642281E4B}.Debug|Any CPU.ActiveCfg = Debug|Any CPU
		{2A176AFC-13EA-44F4-9222-D07642281E4B}.Debug|Any CPU.Build.0 = Debug|Any CPU
		{2A176AFC-13EA-44F4-9222-D07642281E4B}.Release|Any CPU.ActiveCfg = Release|Any CPU
		{2A176AFC-13EA-44F4-9222-D07642281E4B}.Release|Any CPU.Build.0 = Release|Any CPU
	EndGlobalSection
EndGlobal
